// !$*UTF8*$!
{
	archiveVersion = 1;
	classes = {
	};
	objectVersion = 55;
	objects = {

/* Begin PBXBuildFile section */
		FF26BA0728923CA9006DD523 /* AppDelegate.swift in Sources */ = {isa = PBXBuildFile; fileRef = FF26BA0628923CA9006DD523 /* AppDelegate.swift */; };
		FF26BA0928923CA9006DD523 /* SceneDelegate.swift in Sources */ = {isa = PBXBuildFile; fileRef = FF26BA0828923CA9006DD523 /* SceneDelegate.swift */; };
		FF26BA0B28923CA9006DD523 /* ViewController.swift in Sources */ = {isa = PBXBuildFile; fileRef = FF26BA0A28923CA9006DD523 /* ViewController.swift */; };
		FF26BA0E28923CA9006DD523 /* Main.storyboard in Resources */ = {isa = PBXBuildFile; fileRef = FF26BA0C28923CA9006DD523 /* Main.storyboard */; };
		FF26BA1028923CAA006DD523 /* Assets.xcassets in Resources */ = {isa = PBXBuildFile; fileRef = FF26BA0F28923CAA006DD523 /* Assets.xcassets */; };
		FF26BA1328923CAA006DD523 /* LaunchScreen.storyboard in Resources */ = {isa = PBXBuildFile; fileRef = FF26BA1128923CAA006DD523 /* LaunchScreen.storyboard */; };
		FFC32352289296FA00D25408 /* ResultViewController.swift in Sources */ = {isa = PBXBuildFile; fileRef = FFC32351289296FA00D25408 /* ResultViewController.swift */; };
		FFF7177A28938CA300860F85 /* BMILogic.swift in Sources */ = {isa = PBXBuildFile; fileRef = FFF7177928938CA300860F85 /* BMILogic.swift */; };
/* End PBXBuildFile section */

/* Begin PBXFileReference section */
		FF26BA0328923CA9006DD523 /* BMI Calulator.app */ = {isa = PBXFileReference; explicitFileType = wrapper.application; includeInIndex = 0; path = "BMI Calulator.app"; sourceTree = BUILT_PRODUCTS_DIR; };
		FF26BA0628923CA9006DD523 /* AppDelegate.swift */ = {isa = PBXFileReference; lastKnownFileType = sourcecode.swift; path = AppDelegate.swift; sourceTree = "<group>"; };
		FF26BA0828923CA9006DD523 /* SceneDelegate.swift */ = {isa = PBXFileReference; lastKnownFileType = sourcecode.swift; path = SceneDelegate.swift; sourceTree = "<group>"; };
		FF26BA0A28923CA9006DD523 /* ViewController.swift */ = {isa = PBXFileReference; lastKnownFileType = sourcecode.swift; path = ViewController.swift; sourceTree = "<group>"; };
		FF26BA0D28923CA9006DD523 /* Base */ = {isa = PBXFileReference; lastKnownFileType = file.storyboard; name = Base; path = Base.lproj/Main.storyboard; sourceTree = "<group>"; };
		FF26BA0F28923CAA006DD523 /* Assets.xcassets */ = {isa = PBXFileReference; lastKnownFileType = folder.assetcatalog; path = Assets.xcassets; sourceTree = "<group>"; };
		FF26BA1228923CAA006DD523 /* Base */ = {isa = PBXFileReference; lastKnownFileType = file.storyboard; name = Base; path = Base.lproj/LaunchScreen.storyboard; sourceTree = "<group>"; };
		FF26BA1428923CAA006DD523 /* Info.plist */ = {isa = PBXFileReference; lastKnownFileType = text.plist.xml; path = Info.plist; sourceTree = "<group>"; };
		FFC32351289296FA00D25408 /* ResultViewController.swift */ = {isa = PBXFileReference; lastKnownFileType = sourcecode.swift; path = ResultViewController.swift; sourceTree = "<group>"; };
		FFF7177928938CA300860F85 /* BMILogic.swift */ = {isa = PBXFileReference; lastKnownFileType = sourcecode.swift; path = BMILogic.swift; sourceTree = "<group>"; };
/* End PBXFileReference section */

/* Begin PBXFrameworksBuildPhase section */
		FF26BA0028923CA9006DD523 /* Frameworks */ = {
			isa = PBXFrameworksBuildPhase;
			buildActionMask = 2147483647;
			files = (
			);
			runOnlyForDeploymentPostprocessing = 0;
		};
/* End PBXFrameworksBuildPhase section */

/* Begin PBXGroup section */
		FF26B9FA28923CA9006DD523 = {
			isa = PBXGroup;
			children = (
				FF26BA0528923CA9006DD523 /* BMI Calulator */,
				FF26BA0428923CA9006DD523 /* Products */,
			);
			sourceTree = "<group>";
		};
		FF26BA0428923CA9006DD523 /* Products */ = {
			isa = PBXGroup;
			children = (
				FF26BA0328923CA9006DD523 /* BMI Calulator.app */,
			);
			name = Products;
			sourceTree = "<group>";
		};
		FF26BA0528923CA9006DD523 /* BMI Calulator */ = {
			isa = PBXGroup;
			children = (
				FF26BA0628923CA9006DD523 /* AppDelegate.swift */,
				FF26BA0828923CA9006DD523 /* SceneDelegate.swift */,
				FFC3234D2892897200D25408 /* Controllers */,
				FFC3234E2892897F00D25408 /* Views */,
				FFF7177828938C7B00860F85 /* Model */,
				FF26BA0F28923CAA006DD523 /* Assets.xcassets */,
				FF26BA1128923CAA006DD523 /* LaunchScreen.storyboard */,
				FF26BA1428923CAA006DD523 /* Info.plist */,
			);
			path = "BMI Calulator";
			sourceTree = "<group>";
		};
		FFC3234D2892897200D25408 /* Controllers */ = {
			isa = PBXGroup;
			children = (
				FF26BA0A28923CA9006DD523 /* ViewController.swift */,
				FFC32351289296FA00D25408 /* ResultViewController.swift */,
			);
			path = Controllers;
			sourceTree = "<group>";
		};
		FFC3234E2892897F00D25408 /* Views */ = {
			isa = PBXGroup;
			children = (
				FF26BA0C28923CA9006DD523 /* Main.storyboard */,
			);
			path = Views;
			sourceTree = "<group>";
		};
		FFF7177828938C7B00860F85 /* Model */ = {
			isa = PBXGroup;
			children = (
				FFF7177928938CA300860F85 /* BMILogic.swift */,
			);
			name = Model;
			path = ..;
			sourceTree = "<group>";
		};
/* End PBXGroup section */

/* Begin PBXNativeTarget section */
		FF26BA0228923CA9006DD523 /* BMI Calulator */ = {
			isa = PBXNativeTarget;
			buildConfigurationList = FF26BA1728923CAA006DD523 /* Build configuration list for PBXNativeTarget "BMI Calulator" */;
			buildPhases = (
				FF26B9FF28923CA9006DD523 /* Sources */,
				FF26BA0028923CA9006DD523 /* Frameworks */,
				FF26BA0128923CA9006DD523 /* Resources */,
			);
			buildRules = (
			);
			dependencies = (
			);
			name = "BMI Calulator";
			productName = "BMI Calulator";
			productReference = FF26BA0328923CA9006DD523 /* BMI Calulator.app */;
			productType = "com.apple.product-type.application";
		};
/* End PBXNativeTarget section */

/* Begin PBXProject section */
		FF26B9FB28923CA9006DD523 /* Project object */ = {
			isa = PBXProject;
			attributes = {
				BuildIndependentTargetsInParallel = 1;
				LastSwiftUpdateCheck = 1340;
				LastUpgradeCheck = 1340;
				TargetAttributes = {
					FF26BA0228923CA9006DD523 = {
						CreatedOnToolsVersion = 13.4.1;
					};
				};
			};
			buildConfigurationList = FF26B9FE28923CA9006DD523 /* Build configuration list for PBXProject "BMI Calulator" */;
			compatibilityVersion = "Xcode 13.0";
			developmentRegion = en;
			hasScannedForEncodings = 0;
			knownRegions = (
				en,
				Base,
			);
			mainGroup = FF26B9FA28923CA9006DD523;
			productRefGroup = FF26BA0428923CA9006DD523 /* Products */;
			projectDirPath = "";
			projectRoot = "";
			targets = (
				FF26BA0228923CA9006DD523 /* BMI Calulator */,
			);
		};
/* End PBXProject section */

/* Begin PBXResourcesBuildPhase section */
		FF26BA0128923CA9006DD523 /* Resources */ = {
			isa = PBXResourcesBuildPhase;
			buildActionMask = 2147483647;
			files = (
				FF26BA1328923CAA006DD523 /* LaunchScreen.storyboard in Resources */,
				FF26BA1028923CAA006DD523 /* Assets.xcassets in Resources */,
				FF26BA0E28923CA9006DD523 /* Main.storyboard in Resources */,
			);
			runOnlyForDeploymentPostprocessing = 0;
		};
/* End PBXResourcesBuildPhase section */

/* Begin PBXSourcesBuildPhase section */
		FF26B9FF28923CA9006DD523 /* Sources */ = {
			isa = PBXSourcesBuildPhase;
			buildActionMask = 2147483647;
			files = (
				FFC32352289296FA00D25408 /* ResultViewController.swift in Sources */,
				FF26BA0B28923CA9006DD523 /* ViewController.swift in Sources */,
				FFF7177A28938CA300860F85 /* BMILogic.swift in Sources */,
				FF26BA0728923CA9006DD523 /* AppDelegate.swift in Sources */,
				FF26BA0928923CA9006DD523 /* SceneDelegate.swift in Sources */,
			);
			runOnlyForDeploymentPostprocessing = 0;
		};
/* End PBXSourcesBuildPhase section */

/* Begin PBXVariantGroup section */
		FF26BA0C28923CA9006DD523 /* Main.storyboard */ = {
			isa = PBXVariantGroup;
			children = (
				FF26BA0D28923CA9006DD523 /* Base */,
			);
			name = Main.storyboard;
			sourceTree = "<group>";
		};
		FF26BA1128923CAA006DD523 /* LaunchScreen.storyboard */ = {
			isa = PBXVariantGroup;
			children = (
				FF26BA1228923CAA006DD523 /* Base */,
			);
			name = LaunchScreen.storyboard;
			sourceTree = "<group>";
		};
/* End PBXVariantGroup section */

/* Begin XCBuildConfiguration section */
		FF26BA1528923CAA006DD523 /* Debug */ = {
			isa = XCBuildConfiguration;
			buildSettings = {
				ALWAYS_SEARCH_USER_PATHS = NO;
				CLANG_ANALYZER_NONNULL = YES;
				CLANG_ANALYZER_NUMBER_OBJECT_CONVERSION = YES_AGGRESSIVE;
				CLANG_CXX_LANGUAGE_STANDARD = "gnu++17";
				CLANG_ENABLE_MODULES = YES;
				CLANG_ENABLE_OBJC_ARC = YES;
				CLANG_ENABLE_OBJC_WEAK = YES;
				CLANG_WARN_BLOCK_CAPTURE_AUTORELEASING = YES;
				CLANG_WARN_BOOL_CONVERSION = YES;
				CLANG_WARN_COMMA = YES;
				CLANG_WARN_CONSTANT_CONVERSION = YES;
				CLANG_WARN_DEPRECATED_OBJC_IMPLEMENTATIONS = YES;
				CLANG_WARN_DIRECT_OBJC_ISA_USAGE = YES_ERROR;
				CLANG_WARN_DOCUMENTATION_COMMENTS = YES;
				CLANG_WARN_EMPTY_BODY = YES;
				CLANG_WARN_ENUM_CONVERSION = YES;
				CLANG_WARN_INFINITE_RECURSION = YES;
				CLANG_WARN_INT_CONVERSION = YES;
				CLANG_WARN_NON_LITERAL_NULL_CONVERSION = YES;
				CLANG_WARN_OBJC_IMPLICIT_RETAIN_SELF = YES;
				CLANG_WARN_OBJC_LITERAL_CONVERSION = YES;
				CLANG_WARN_OBJC_ROOT_CLASS = YES_ERROR;
				CLANG_WARN_QUOTED_INCLUDE_IN_FRAMEWORK_HEADER = YES;
				CLANG_WARN_RANGE_LOOP_ANALYSIS = YES;
				CLANG_WARN_STRICT_PROTOTYPES = YES;
				CLANG_WARN_SUSPICIOUS_MOVE = YES;
				CLANG_WARN_UNGUARDED_AVAILABILITY = YES_AGGRESSIVE;
				CLANG_WARN_UNREACHABLE_CODE = YES;
				CLANG_WARN__DUPLICATE_METHOD_MATCH = YES;
				COPY_PHASE_STRIP = NO;
				DEBUG_INFORMATION_FORMAT = dwarf;
				ENABLE_STRICT_OBJC_MSGSEND = YES;
				ENABLE_TESTABILITY = YES;
				GCC_C_LANGUAGE_STANDARD = gnu11;
				GCC_DYNAMIC_NO_PIC = NO;
				GCC_NO_COMMON_BLOCKS = YES;
				GCC_OPTIMIZATION_LEVEL = 0;
				GCC_PREPROCESSOR_DEFINITIONS = (
					"DEBUG=1",
					"$(inherited)",
				);
				GCC_WARN_64_TO_32_BIT_CONVERSION = YES;
				GCC_WARN_ABOUT_RETURN_TYPE = YES_ERROR;
				GCC_WARN_UNDECLARED_SELECTOR = YES;
				GCC_WARN_UNINITIALIZED_AUTOS = YES_AGGRESSIVE;
				GCC_WARN_UNUSED_FUNCTION = YES;
				GCC_WARN_UNUSED_VARIABLE = YES;
				IPHONEOS_DEPLOYMENT_TARGET = 15.5;
				MTL_ENABLE_DEBUG_INFO = INCLUDE_SOURCE;
				MTL_FAST_MATH = YES;
				ONLY_ACTIVE_ARCH = YES;
				SDKROOT = iphoneos;
				SWIFT_ACTIVE_COMPILATION_CONDITIONS = DEBUG;
				SWIFT_OPTIMIZATION_LEVEL = "-Onone";
			};
			name = Debug;
		};
		FF26BA1628923CAA006DD523 /* Release */ = {
			isa = XCBuildConfiguration;
			buildSettings = {
				ALWAYS_SEARCH_USER_PATHS = NO;
				CLANG_ANALYZER_NONNULL = YES;
				CLANG_ANALYZER_NUMBER_OBJECT_CONVERSION = YES_AGGRESSIVE;
				CLANG_CXX_LANGUAGE_STANDARD = "gnu++17";
				CLANG_ENABLE_MODULES = YES;
				CLANG_ENABLE_OBJC_ARC = YES;
				CLANG_ENABLE_OBJC_WEAK = YES;
				CLANG_WARN_BLOCK_CAPTURE_AUTORELEASING = YES;
				CLANG_WARN_BOOL_CONVERSION = YES;
				CLANG_WARN_COMMA = YES;
				CLANG_WARN_CONSTANT_CONVERSION = YES;
				CLANG_WARN_DEPRECATED_OBJC_IMPLEMENTATIONS = YES;
				CLANG_WARN_DIRECT_OBJC_ISA_USAGE = YES_ERROR;
				CLANG_WARN_DOCUMENTATION_COMMENTS = YES;
				CLANG_WARN_EMPTY_BODY = YES;
				CLANG_WARN_ENUM_CONVERSION = YES;
				CLANG_WARN_INFINITE_RECURSION = YES;
				CLANG_WARN_INT_CONVERSION = YES;
				CLANG_WARN_NON_LITERAL_NULL_CONVERSION = YES;
				CLANG_WARN_OBJC_IMPLICIT_RETAIN_SELF = YES;
				CLANG_WARN_OBJC_LITERAL_CONVERSION = YES;
				CLANG_WARN_OBJC_ROOT_CLASS = YES_ERROR;
				CLANG_WARN_QUOTED_INCLUDE_IN_FRAMEWORK_HEADER = YES;
				CLANG_WARN_RANGE_LOOP_ANALYSIS = YES;
				CLANG_WARN_STRICT_PROTOTYPES = YES;
				CLANG_WARN_SUSPICIOUS_MOVE = YES;
				CLANG_WARN_UNGUARDED_AVAILABILITY = YES_AGGRESSIVE;
				CLANG_WARN_UNREACHABLE_CODE = YES;
				CLANG_WARN__DUPLICATE_METHOD_MATCH = YES;
				COPY_PHASE_STRIP = NO;
				DEBUG_INFORMATION_FORMAT = "dwarf-with-dsym";
				ENABLE_NS_ASSERTIONS = NO;
				ENABLE_STRICT_OBJC_MSGSEND = YES;
				GCC_C_LANGUAGE_STANDARD = gnu11;
				GCC_NO_COMMON_BLOCKS = YES;
				GCC_WARN_64_TO_32_BIT_CONVERSION = YES;
				GCC_WARN_ABOUT_RETURN_TYPE = YES_ERROR;
				GCC_WARN_UNDECLARED_SELECTOR = YES;
				GCC_WARN_UNINITIALIZED_AUTOS = YES_AGGRESSIVE;
				GCC_WARN_UNUSED_FUNCTION = YES;
				GCC_WARN_UNUSED_VARIABLE = YES;
				IPHONEOS_DEPLOYMENT_TARGET = 15.5;
				MTL_ENABLE_DEBUG_INFO = NO;
				MTL_FAST_MATH = YES;
				SDKROOT = iphoneos;
				SWIFT_COMPILATION_MODE = wholemodule;
				SWIFT_OPTIMIZATION_LEVEL = "-O";
				VALIDATE_PRODUCT = YES;
			};
			name = Release;
		};
		FF26BA1828923CAA006DD523 /* Debug */ = {
			isa = XCBuildConfiguration;
			buildSettings = {
				ASSETCATALOG_COMPILER_APPICON_NAME = AppIcon;
				ASSETCATALOG_COMPILER_GLOBAL_ACCENT_COLOR_NAME = AccentColor;
				CODE_SIGN_STYLE = Automatic;
				CURRENT_PROJECT_VERSION = 1;
				GENERATE_INFOPLIST_FILE = YES;
				INFOPLIST_FILE = "BMI Calulator/Info.plist";
				INFOPLIST_KEY_UIApplicationSupportsIndirectInputEvents = YES;
				INFOPLIST_KEY_UILaunchStoryboardName = LaunchScreen;
				INFOPLIST_KEY_UIMainStoryboardFile = Main;
				INFOPLIST_KEY_UISupportedInterfaceOrientations_iPad = "UIInterfaceOrientationPortrait UIInterfaceOrientationPortraitUpsideDown UIInterfaceOrientationLandscapeLeft UIInterfaceOrientationLandscapeRight";
				INFOPLIST_KEY_UISupportedInterfaceOrientations_iPhone = "UIInterfaceOrientationPortrait UIInterfaceOrientationLandscapeLeft UIInterfaceOrientationLandscapeRight";
				LD_RUNPATH_SEARCH_PATHS = (
					"$(inherited)",
					"@executable_path/Frameworks",
				);
				MARKETING_VERSION = 1.0;
				PRODUCT_BUNDLE_IDENTIFIER = "com.training.BMI-Calulator";
				PRODUCT_NAME = "$(TARGET_NAME)";
				SWIFT_EMIT_LOC_STRINGS = YES;
				SWIFT_VERSION = 5.0;
				TARGETED_DEVICE_FAMILY = "1,2";
			};
			name = Debug;
		};
		FF26BA1928923CAA006DD523 /* Release */ = {
			isa = XCBuildConfiguration;
			buildSettings = {
				ASSETCATALOG_COMPILER_APPICON_NAME = AppIcon;
				ASSETCATALOG_COMPILER_GLOBAL_ACCENT_COLOR_NAME = AccentColor;
				CODE_SIGN_STYLE = Automatic;
				CURRENT_PROJECT_VERSION = 1;
				GENERATE_INFOPLIST_FILE = YES;
				INFOPLIST_FILE = "BMI Calulator/Info.plist";
				INFOPLIST_KEY_UIApplicationSupportsIndirectInputEvents = YES;
				INFOPLIST_KEY_UILaunchStoryboardName = LaunchScreen;
				INFOPLIST_KEY_UIMainStoryboardFile = Main;
				INFOPLIST_KEY_UISupportedInterfaceOrientations_iPad = "UIInterfaceOrientationPortrait UIInterfaceOrientationPortraitUpsideDown UIInterfaceOrientationLandscapeLeft UIInterfaceOrientationLandscapeRight";
				INFOPLIST_KEY_UISupportedInterfaceOrientations_iPhone = "UIInterfaceOrientationPortrait UIInterfaceOrientationLandscapeLeft UIInterfaceOrientationLandscapeRight";
				LD_RUNPATH_SEARCH_PATHS = (
					"$(inherited)",
					"@executable_path/Frameworks",
				);
				MARKETING_VERSION = 1.0;
				PRODUCT_BUNDLE_IDENTIFIER = "com.training.BMI-Calulator";
				PRODUCT_NAME = "$(TARGET_NAME)";
				SWIFT_EMIT_LOC_STRINGS = YES;
				SWIFT_VERSION = 5.0;
				TARGETED_DEVICE_FAMILY = "1,2";
			};
			name = Release;
		};
/* End XCBuildConfiguration section */

/* Begin XCConfigurationList section */
		FF26B9FE28923CA9006DD523 /* Build configuration list for PBXProject "BMI Calulator" */ = {
			isa = XCConfigurationList;
			buildConfigurations = (
				FF26BA1528923CAA006DD523 /* Debug */,
				FF26BA1628923CAA006DD523 /* Release */,
			);
			defaultConfigurationIsVisible = 0;
			defaultConfigurationName = Release;
		};
		FF26BA1728923CAA006DD523 /* Build configuration list for PBXNativeTarget "BMI Calulator" */ = {
			isa = XCConfigurationList;
			buildConfigurations = (
				FF26BA1828923CAA006DD523 /* Debug */,
				FF26BA1928923CAA006DD523 /* Release */,
			);
			defaultConfigurationIsVisible = 0;
			defaultConfigurationName = Release;
		};
/* End XCConfigurationList section */
	};
	rootObject = FF26B9FB28923CA9006DD523 /* Project object */;
}
