// !$*UTF8*$!
{
	archiveVersion = 1;
	classes = {
	};
	objectVersion = 55;
	objects = {

/* Begin PBXBuildFile section */
		FFF717AF2893A00800860F85 /* AppDelegate.swift in Sources */ = {isa = PBXBuildFile; fileRef = FFF717AE2893A00800860F85 /* AppDelegate.swift */; };
		FFF717B12893A00800860F85 /* SceneDelegate.swift in Sources */ = {isa = PBXBuildFile; fileRef = FFF717B02893A00800860F85 /* SceneDelegate.swift */; };
		FFF717B32893A00800860F85 /* ViewController.swift in Sources */ = {isa = PBXBuildFile; fileRef = FFF717B22893A00800860F85 /* ViewController.swift */; };
		FFF717B62893A00800860F85 /* Main.storyboard in Resources */ = {isa = PBXBuildFile; fileRef = FFF717B42893A00800860F85 /* Main.storyboard */; };
		FFF717B82893A00A00860F85 /* Assets.xcassets in Resources */ = {isa = PBXBuildFile; fileRef = FFF717B72893A00A00860F85 /* Assets.xcassets */; };
		FFF717BB2893A00A00860F85 /* LaunchScreen.storyboard in Resources */ = {isa = PBXBuildFile; fileRef = FFF717B92893A00A00860F85 /* LaunchScreen.storyboard */; };
		FFF717C52893A7D800860F85 /* BillingViewController.swift in Sources */ = {isa = PBXBuildFile; fileRef = FFF717C42893A7D800860F85 /* BillingViewController.swift */; };
		FFF717C72893C0F500860F85 /* BillingLogic.swift in Sources */ = {isa = PBXBuildFile; fileRef = FFF717C62893C0F500860F85 /* BillingLogic.swift */; };
/* End PBXBuildFile section */

/* Begin PBXFileReference section */
		FFF717AB2893A00800860F85 /* BillingApp.app */ = {isa = PBXFileReference; explicitFileType = wrapper.application; includeInIndex = 0; path = BillingApp.app; sourceTree = BUILT_PRODUCTS_DIR; };
		FFF717AE2893A00800860F85 /* AppDelegate.swift */ = {isa = PBXFileReference; lastKnownFileType = sourcecode.swift; path = AppDelegate.swift; sourceTree = "<group>"; };
		FFF717B02893A00800860F85 /* SceneDelegate.swift */ = {isa = PBXFileReference; lastKnownFileType = sourcecode.swift; path = SceneDelegate.swift; sourceTree = "<group>"; };
		FFF717B22893A00800860F85 /* ViewController.swift */ = {isa = PBXFileReference; lastKnownFileType = sourcecode.swift; path = ViewController.swift; sourceTree = "<group>"; };
		FFF717B52893A00800860F85 /* Base */ = {isa = PBXFileReference; lastKnownFileType = file.storyboard; name = Base; path = Base.lproj/Main.storyboard; sourceTree = "<group>"; };
		FFF717B72893A00A00860F85 /* Assets.xcassets */ = {isa = PBXFileReference; lastKnownFileType = folder.assetcatalog; path = Assets.xcassets; sourceTree = "<group>"; };
		FFF717BA2893A00A00860F85 /* Base */ = {isa = PBXFileReference; lastKnownFileType = file.storyboard; name = Base; path = Base.lproj/LaunchScreen.storyboard; sourceTree = "<group>"; };
		FFF717BC2893A00A00860F85 /* Info.plist */ = {isa = PBXFileReference; lastKnownFileType = text.plist.xml; path = Info.plist; sourceTree = "<group>"; };
		FFF717C42893A7D800860F85 /* BillingViewController.swift */ = {isa = PBXFileReference; lastKnownFileType = sourcecode.swift; path = BillingViewController.swift; sourceTree = "<group>"; };
		FFF717C62893C0F500860F85 /* BillingLogic.swift */ = {isa = PBXFileReference; lastKnownFileType = sourcecode.swift; path = BillingLogic.swift; sourceTree = "<group>"; };
/* End PBXFileReference section */

/* Begin PBXFrameworksBuildPhase section */
		FFF717A82893A00800860F85 /* Frameworks */ = {
			isa = PBXFrameworksBuildPhase;
			buildActionMask = 2147483647;
			files = (
			);
			runOnlyForDeploymentPostprocessing = 0;
		};
/* End PBXFrameworksBuildPhase section */

/* Begin PBXGroup section */
		FFF717A22893A00800860F85 = {
			isa = PBXGroup;
			children = (
				FFF717AD2893A00800860F85 /* BillingApp */,
				FFF717AC2893A00800860F85 /* Products */,
			);
			sourceTree = "<group>";
		};
		FFF717AC2893A00800860F85 /* Products */ = {
			isa = PBXGroup;
			children = (
				FFF717AB2893A00800860F85 /* BillingApp.app */,
			);
			name = Products;
			sourceTree = "<group>";
		};
		FFF717AD2893A00800860F85 /* BillingApp */ = {
			isa = PBXGroup;
			children = (
				FFF717AE2893A00800860F85 /* AppDelegate.swift */,
				FFF717B02893A00800860F85 /* SceneDelegate.swift */,
				FFF717C22893A7B700860F85 /* Controllers */,
				FFF717C32893A7C000860F85 /* Views */,
				FFF717B72893A00A00860F85 /* Assets.xcassets */,
				FFF717B92893A00A00860F85 /* LaunchScreen.storyboard */,
				FFF717BC2893A00A00860F85 /* Info.plist */,
				FFF717C82893C0FA00860F85 /* Model */,
			);
			path = BillingApp;
			sourceTree = "<group>";
		};
		FFF717C22893A7B700860F85 /* Controllers */ = {
			isa = PBXGroup;
			children = (
				FFF717B22893A00800860F85 /* ViewController.swift */,
				FFF717C42893A7D800860F85 /* BillingViewController.swift */,
			);
			path = Controllers;
			sourceTree = "<group>";
		};
		FFF717C32893A7C000860F85 /* Views */ = {
			isa = PBXGroup;
			children = (
				FFF717B42893A00800860F85 /* Main.storyboard */,
			);
			path = Views;
			sourceTree = "<group>";
		};
		FFF717C82893C0FA00860F85 /* Model */ = {
			isa = PBXGroup;
			children = (
				FFF717C62893C0F500860F85 /* BillingLogic.swift */,
			);
			path = Model;
			sourceTree = "<group>";
		};
/* End PBXGroup section */

/* Begin PBXNativeTarget section */
		FFF717AA2893A00800860F85 /* BillingApp */ = {
			isa = PBXNativeTarget;
			buildConfigurationList = FFF717BF2893A00A00860F85 /* Build configuration list for PBXNativeTarget "BillingApp" */;
			buildPhases = (
				FFF717A72893A00800860F85 /* Sources */,
				FFF717A82893A00800860F85 /* Frameworks */,
				FFF717A92893A00800860F85 /* Resources */,
			);
			buildRules = (
			);
			dependencies = (
			);
			name = BillingApp;
			productName = BillingApp;
			productReference = FFF717AB2893A00800860F85 /* BillingApp.app */;
			productType = "com.apple.product-type.application";
		};
/* End PBXNativeTarget section */

/* Begin PBXProject section */
		FFF717A32893A00800860F85 /* Project object */ = {
			isa = PBXProject;
			attributes = {
				BuildIndependentTargetsInParallel = 1;
				LastSwiftUpdateCheck = 1340;
				LastUpgradeCheck = 1340;
				TargetAttributes = {
					FFF717AA2893A00800860F85 = {
						CreatedOnToolsVersion = 13.4.1;
					};
				};
			};
			buildConfigurationList = FFF717A62893A00800860F85 /* Build configuration list for PBXProject "BillingApp" */;
			compatibilityVersion = "Xcode 13.0";
			developmentRegion = en;
			hasScannedForEncodings = 0;
			knownRegions = (
				en,
				Base,
			);
			mainGroup = FFF717A22893A00800860F85;
			productRefGroup = FFF717AC2893A00800860F85 /* Products */;
			projectDirPath = "";
			projectRoot = "";
			targets = (
				FFF717AA2893A00800860F85 /* BillingApp */,
			);
		};
/* End PBXProject section */

/* Begin PBXResourcesBuildPhase section */
		FFF717A92893A00800860F85 /* Resources */ = {
			isa = PBXResourcesBuildPhase;
			buildActionMask = 2147483647;
			files = (
				FFF717BB2893A00A00860F85 /* LaunchScreen.storyboard in Resources */,
				FFF717B82893A00A00860F85 /* Assets.xcassets in Resources */,
				FFF717B62893A00800860F85 /* Main.storyboard in Resources */,
			);
			runOnlyForDeploymentPostprocessing = 0;
		};
/* End PBXResourcesBuildPhase section */

/* Begin PBXSourcesBuildPhase section */
		FFF717A72893A00800860F85 /* Sources */ = {
			isa = PBXSourcesBuildPhase;
			buildActionMask = 2147483647;
			files = (
				FFF717B32893A00800860F85 /* ViewController.swift in Sources */,
				FFF717C72893C0F500860F85 /* BillingLogic.swift in Sources */,
				FFF717AF2893A00800860F85 /* AppDelegate.swift in Sources */,
				FFF717C52893A7D800860F85 /* BillingViewController.swift in Sources */,
				FFF717B12893A00800860F85 /* SceneDelegate.swift in Sources */,
			);
			runOnlyForDeploymentPostprocessing = 0;
		};
/* End PBXSourcesBuildPhase section */

/* Begin PBXVariantGroup section */
		FFF717B42893A00800860F85 /* Main.storyboard */ = {
			isa = PBXVariantGroup;
			children = (
				FFF717B52893A00800860F85 /* Base */,
			);
			name = Main.storyboard;
			sourceTree = "<group>";
		};
		FFF717B92893A00A00860F85 /* LaunchScreen.storyboard */ = {
			isa = PBXVariantGroup;
			children = (
				FFF717BA2893A00A00860F85 /* Base */,
			);
			name = LaunchScreen.storyboard;
			sourceTree = "<group>";
		};
/* End PBXVariantGroup section */

/* Begin XCBuildConfiguration section */
		FFF717BD2893A00A00860F85 /* Debug */ = {
			isa = XCBuildConfiguration;
			buildSettings = {
				ALWAYS_SEARCH_USER_PATHS = NO;
				CLANG_ANALYZER_NONNULL = YES;
				CLANG_ANALYZER_NUMBER_OBJECT_CONVERSION = YES_AGGRESSIVE;
				CLANG_CXX_LANGUAGE_STANDARD = "gnu++17";
				CLANG_ENABLE_MODULES = YES;
				CLANG_ENABLE_OBJC_ARC = YES;
				CLANG_ENABLE_OBJC_WEAK = YES;
				CLANG_WARN_BLOCK_CAPTURE_AUTORELEASING = YES;
				CLANG_WARN_BOOL_CONVERSION = YES;
				CLANG_WARN_COMMA = YES;
				CLANG_WARN_CONSTANT_CONVERSION = YES;
				CLANG_WARN_DEPRECATED_OBJC_IMPLEMENTATIONS = YES;
				CLANG_WARN_DIRECT_OBJC_ISA_USAGE = YES_ERROR;
				CLANG_WARN_DOCUMENTATION_COMMENTS = YES;
				CLANG_WARN_EMPTY_BODY = YES;
				CLANG_WARN_ENUM_CONVERSION = YES;
				CLANG_WARN_INFINITE_RECURSION = YES;
				CLANG_WARN_INT_CONVERSION = YES;
				CLANG_WARN_NON_LITERAL_NULL_CONVERSION = YES;
				CLANG_WARN_OBJC_IMPLICIT_RETAIN_SELF = YES;
				CLANG_WARN_OBJC_LITERAL_CONVERSION = YES;
				CLANG_WARN_OBJC_ROOT_CLASS = YES_ERROR;
				CLANG_WARN_QUOTED_INCLUDE_IN_FRAMEWORK_HEADER = YES;
				CLANG_WARN_RANGE_LOOP_ANALYSIS = YES;
				CLANG_WARN_STRICT_PROTOTYPES = YES;
				CLANG_WARN_SUSPICIOUS_MOVE = YES;
				CLANG_WARN_UNGUARDED_AVAILABILITY = YES_AGGRESSIVE;
				CLANG_WARN_UNREACHABLE_CODE = YES;
				CLANG_WARN__DUPLICATE_METHOD_MATCH = YES;
				COPY_PHASE_STRIP = NO;
				DEBUG_INFORMATION_FORMAT = dwarf;
				ENABLE_STRICT_OBJC_MSGSEND = YES;
				ENABLE_TESTABILITY = YES;
				GCC_C_LANGUAGE_STANDARD = gnu11;
				GCC_DYNAMIC_NO_PIC = NO;
				GCC_NO_COMMON_BLOCKS = YES;
				GCC_OPTIMIZATION_LEVEL = 0;
				GCC_PREPROCESSOR_DEFINITIONS = (
					"DEBUG=1",
					"$(inherited)",
				);
				GCC_WARN_64_TO_32_BIT_CONVERSION = YES;
				GCC_WARN_ABOUT_RETURN_TYPE = YES_ERROR;
				GCC_WARN_UNDECLARED_SELECTOR = YES;
				GCC_WARN_UNINITIALIZED_AUTOS = YES_AGGRESSIVE;
				GCC_WARN_UNUSED_FUNCTION = YES;
				GCC_WARN_UNUSED_VARIABLE = YES;
				IPHONEOS_DEPLOYMENT_TARGET = 15.5;
				MTL_ENABLE_DEBUG_INFO = INCLUDE_SOURCE;
				MTL_FAST_MATH = YES;
				ONLY_ACTIVE_ARCH = YES;
				SDKROOT = iphoneos;
				SWIFT_ACTIVE_COMPILATION_CONDITIONS = DEBUG;
				SWIFT_OPTIMIZATION_LEVEL = "-Onone";
			};
			name = Debug;
		};
		FFF717BE2893A00A00860F85 /* Release */ = {
			isa = XCBuildConfiguration;
			buildSettings = {
				ALWAYS_SEARCH_USER_PATHS = NO;
				CLANG_ANALYZER_NONNULL = YES;
				CLANG_ANALYZER_NUMBER_OBJECT_CONVERSION = YES_AGGRESSIVE;
				CLANG_CXX_LANGUAGE_STANDARD = "gnu++17";
				CLANG_ENABLE_MODULES = YES;
				CLANG_ENABLE_OBJC_ARC = YES;
				CLANG_ENABLE_OBJC_WEAK = YES;
				CLANG_WARN_BLOCK_CAPTURE_AUTORELEASING = YES;
				CLANG_WARN_BOOL_CONVERSION = YES;
				CLANG_WARN_COMMA = YES;
				CLANG_WARN_CONSTANT_CONVERSION = YES;
				CLANG_WARN_DEPRECATED_OBJC_IMPLEMENTATIONS = YES;
				CLANG_WARN_DIRECT_OBJC_ISA_USAGE = YES_ERROR;
				CLANG_WARN_DOCUMENTATION_COMMENTS = YES;
				CLANG_WARN_EMPTY_BODY = YES;
				CLANG_WARN_ENUM_CONVERSION = YES;
				CLANG_WARN_INFINITE_RECURSION = YES;
				CLANG_WARN_INT_CONVERSION = YES;
				CLANG_WARN_NON_LITERAL_NULL_CONVERSION = YES;
				CLANG_WARN_OBJC_IMPLICIT_RETAIN_SELF = YES;
				CLANG_WARN_OBJC_LITERAL_CONVERSION = YES;
				CLANG_WARN_OBJC_ROOT_CLASS = YES_ERROR;
				CLANG_WARN_QUOTED_INCLUDE_IN_FRAMEWORK_HEADER = YES;
				CLANG_WARN_RANGE_LOOP_ANALYSIS = YES;
				CLANG_WARN_STRICT_PROTOTYPES = YES;
				CLANG_WARN_SUSPICIOUS_MOVE = YES;
				CLANG_WARN_UNGUARDED_AVAILABILITY = YES_AGGRESSIVE;
				CLANG_WARN_UNREACHABLE_CODE = YES;
				CLANG_WARN__DUPLICATE_METHOD_MATCH = YES;
				COPY_PHASE_STRIP = NO;
				DEBUG_INFORMATION_FORMAT = "dwarf-with-dsym";
				ENABLE_NS_ASSERTIONS = NO;
				ENABLE_STRICT_OBJC_MSGSEND = YES;
				GCC_C_LANGUAGE_STANDARD = gnu11;
				GCC_NO_COMMON_BLOCKS = YES;
				GCC_WARN_64_TO_32_BIT_CONVERSION = YES;
				GCC_WARN_ABOUT_RETURN_TYPE = YES_ERROR;
				GCC_WARN_UNDECLARED_SELECTOR = YES;
				GCC_WARN_UNINITIALIZED_AUTOS = YES_AGGRESSIVE;
				GCC_WARN_UNUSED_FUNCTION = YES;
				GCC_WARN_UNUSED_VARIABLE = YES;
				IPHONEOS_DEPLOYMENT_TARGET = 15.5;
				MTL_ENABLE_DEBUG_INFO = NO;
				MTL_FAST_MATH = YES;
				SDKROOT = iphoneos;
				SWIFT_COMPILATION_MODE = wholemodule;
				SWIFT_OPTIMIZATION_LEVEL = "-O";
				VALIDATE_PRODUCT = YES;
			};
			name = Release;
		};
		FFF717C02893A00A00860F85 /* Debug */ = {
			isa = XCBuildConfiguration;
			buildSettings = {
				ASSETCATALOG_COMPILER_APPICON_NAME = AppIcon;
				ASSETCATALOG_COMPILER_GLOBAL_ACCENT_COLOR_NAME = AccentColor;
				CODE_SIGN_STYLE = Automatic;
				CURRENT_PROJECT_VERSION = 1;
				GENERATE_INFOPLIST_FILE = YES;
				INFOPLIST_FILE = BillingApp/Info.plist;
				INFOPLIST_KEY_UIApplicationSupportsIndirectInputEvents = YES;
				INFOPLIST_KEY_UILaunchStoryboardName = LaunchScreen;
				INFOPLIST_KEY_UIMainStoryboardFile = Main;
				INFOPLIST_KEY_UISupportedInterfaceOrientations_iPad = "UIInterfaceOrientationPortrait UIInterfaceOrientationPortraitUpsideDown UIInterfaceOrientationLandscapeLeft UIInterfaceOrientationLandscapeRight";
				INFOPLIST_KEY_UISupportedInterfaceOrientations_iPhone = "UIInterfaceOrientationPortrait UIInterfaceOrientationLandscapeLeft UIInterfaceOrientationLandscapeRight";
				LD_RUNPATH_SEARCH_PATHS = (
					"$(inherited)",
					"@executable_path/Frameworks",
				);
				MARKETING_VERSION = 1.0;
				PRODUCT_BUNDLE_IDENTIFIER = com.training.BillingApp;
				PRODUCT_NAME = "$(TARGET_NAME)";
				SWIFT_EMIT_LOC_STRINGS = YES;
				SWIFT_VERSION = 5.0;
				TARGETED_DEVICE_FAMILY = "1,2";
			};
			name = Debug;
		};
		FFF717C12893A00A00860F85 /* Release */ = {
			isa = XCBuildConfiguration;
			buildSettings = {
				ASSETCATALOG_COMPILER_APPICON_NAME = AppIcon;
				ASSETCATALOG_COMPILER_GLOBAL_ACCENT_COLOR_NAME = AccentColor;
				CODE_SIGN_STYLE = Automatic;
				CURRENT_PROJECT_VERSION = 1;
				GENERATE_INFOPLIST_FILE = YES;
				INFOPLIST_FILE = BillingApp/Info.plist;
				INFOPLIST_KEY_UIApplicationSupportsIndirectInputEvents = YES;
				INFOPLIST_KEY_UILaunchStoryboardName = LaunchScreen;
				INFOPLIST_KEY_UIMainStoryboardFile = Main;
				INFOPLIST_KEY_UISupportedInterfaceOrientations_iPad = "UIInterfaceOrientationPortrait UIInterfaceOrientationPortraitUpsideDown UIInterfaceOrientationLandscapeLeft UIInterfaceOrientationLandscapeRight";
				INFOPLIST_KEY_UISupportedInterfaceOrientations_iPhone = "UIInterfaceOrientationPortrait UIInterfaceOrientationLandscapeLeft UIInterfaceOrientationLandscapeRight";
				LD_RUNPATH_SEARCH_PATHS = (
					"$(inherited)",
					"@executable_path/Frameworks",
				);
				MARKETING_VERSION = 1.0;
				PRODUCT_BUNDLE_IDENTIFIER = com.training.BillingApp;
				PRODUCT_NAME = "$(TARGET_NAME)";
				SWIFT_EMIT_LOC_STRINGS = YES;
				SWIFT_VERSION = 5.0;
				TARGETED_DEVICE_FAMILY = "1,2";
			};
			name = Release;
		};
/* End XCBuildConfiguration section */

/* Begin XCConfigurationList section */
		FFF717A62893A00800860F85 /* Build configuration list for PBXProject "BillingApp" */ = {
			isa = XCConfigurationList;
			buildConfigurations = (
				FFF717BD2893A00A00860F85 /* Debug */,
				FFF717BE2893A00A00860F85 /* Release */,
			);
			defaultConfigurationIsVisible = 0;
			defaultConfigurationName = Release;
		};
		FFF717BF2893A00A00860F85 /* Build configuration list for PBXNativeTarget "BillingApp" */ = {
			isa = XCConfigurationList;
			buildConfigurations = (
				FFF717C02893A00A00860F85 /* Debug */,
				FFF717C12893A00A00860F85 /* Release */,
			);
			defaultConfigurationIsVisible = 0;
			defaultConfigurationName = Release;
		};
/* End XCConfigurationList section */
	};
	rootObject = FFF717A32893A00800860F85 /* Project object */;
}
