// !$*UTF8*$!
{
	archiveVersion = 1;
	classes = {
	};
	objectVersion = 55;
	objects = {

/* Begin PBXBuildFile section */
		FFBE436A288FAACF00B417DF /* AppDelegate.swift in Sources */ = {isa = PBXBuildFile; fileRef = FFBE4369288FAACF00B417DF /* AppDelegate.swift */; };
		FFBE436C288FAACF00B417DF /* SceneDelegate.swift in Sources */ = {isa = PBXBuildFile; fileRef = FFBE436B288FAACF00B417DF /* SceneDelegate.swift */; };
		FFBE436E288FAACF00B417DF /* ViewController.swift in Sources */ = {isa = PBXBuildFile; fileRef = FFBE436D288FAACF00B417DF /* ViewController.swift */; };
		FFBE4371288FAACF00B417DF /* Main.storyboard in Resources */ = {isa = PBXBuildFile; fileRef = FFBE436F288FAACF00B417DF /* Main.storyboard */; };
		FFBE4373288FAACF00B417DF /* Assets.xcassets in Resources */ = {isa = PBXBuildFile; fileRef = FFBE4372288FAACF00B417DF /* Assets.xcassets */; };
		FFBE4376288FAACF00B417DF /* LaunchScreen.storyboard in Resources */ = {isa = PBXBuildFile; fileRef = FFBE4374288FAACF00B417DF /* LaunchScreen.storyboard */; };
		FFBE4387288FB75A00B417DF /* A.wav in Resources */ = {isa = PBXBuildFile; fileRef = FFBE4380288FB75A00B417DF /* A.wav */; };
		FFBE4388288FB75A00B417DF /* C.wav in Resources */ = {isa = PBXBuildFile; fileRef = FFBE4381288FB75A00B417DF /* C.wav */; };
		FFBE4389288FB75A00B417DF /* B.wav in Resources */ = {isa = PBXBuildFile; fileRef = FFBE4382288FB75A00B417DF /* B.wav */; };
		FFBE438A288FB75A00B417DF /* F.wav in Resources */ = {isa = PBXBuildFile; fileRef = FFBE4383288FB75A00B417DF /* F.wav */; };
		FFBE438B288FB75A00B417DF /* G.wav in Resources */ = {isa = PBXBuildFile; fileRef = FFBE4384288FB75A00B417DF /* G.wav */; };
		FFBE438C288FB75A00B417DF /* E.wav in Resources */ = {isa = PBXBuildFile; fileRef = FFBE4385288FB75A00B417DF /* E.wav */; };
		FFBE438D288FB75A00B417DF /* D.wav in Resources */ = {isa = PBXBuildFile; fileRef = FFBE4386288FB75A00B417DF /* D.wav */; };
/* End PBXBuildFile section */

/* Begin PBXFileReference section */
		FFBE4366288FAACF00B417DF /* MusicApp.app */ = {isa = PBXFileReference; explicitFileType = wrapper.application; includeInIndex = 0; path = MusicApp.app; sourceTree = BUILT_PRODUCTS_DIR; };
		FFBE4369288FAACF00B417DF /* AppDelegate.swift */ = {isa = PBXFileReference; lastKnownFileType = sourcecode.swift; path = AppDelegate.swift; sourceTree = "<group>"; };
		FFBE436B288FAACF00B417DF /* SceneDelegate.swift */ = {isa = PBXFileReference; lastKnownFileType = sourcecode.swift; path = SceneDelegate.swift; sourceTree = "<group>"; };
		FFBE436D288FAACF00B417DF /* ViewController.swift */ = {isa = PBXFileReference; lastKnownFileType = sourcecode.swift; path = ViewController.swift; sourceTree = "<group>"; };
		FFBE4370288FAACF00B417DF /* Base */ = {isa = PBXFileReference; lastKnownFileType = file.storyboard; name = Base; path = Base.lproj/Main.storyboard; sourceTree = "<group>"; };
		FFBE4372288FAACF00B417DF /* Assets.xcassets */ = {isa = PBXFileReference; lastKnownFileType = folder.assetcatalog; path = Assets.xcassets; sourceTree = "<group>"; };
		FFBE4375288FAACF00B417DF /* Base */ = {isa = PBXFileReference; lastKnownFileType = file.storyboard; name = Base; path = Base.lproj/LaunchScreen.storyboard; sourceTree = "<group>"; };
		FFBE4377288FAACF00B417DF /* Info.plist */ = {isa = PBXFileReference; lastKnownFileType = text.plist.xml; path = Info.plist; sourceTree = "<group>"; };
		FFBE4380288FB75A00B417DF /* A.wav */ = {isa = PBXFileReference; lastKnownFileType = audio.wav; path = A.wav; sourceTree = "<group>"; };
		FFBE4381288FB75A00B417DF /* C.wav */ = {isa = PBXFileReference; lastKnownFileType = audio.wav; path = C.wav; sourceTree = "<group>"; };
		FFBE4382288FB75A00B417DF /* B.wav */ = {isa = PBXFileReference; lastKnownFileType = audio.wav; path = B.wav; sourceTree = "<group>"; };
		FFBE4383288FB75A00B417DF /* F.wav */ = {isa = PBXFileReference; lastKnownFileType = audio.wav; path = F.wav; sourceTree = "<group>"; };
		FFBE4384288FB75A00B417DF /* G.wav */ = {isa = PBXFileReference; lastKnownFileType = audio.wav; path = G.wav; sourceTree = "<group>"; };
		FFBE4385288FB75A00B417DF /* E.wav */ = {isa = PBXFileReference; lastKnownFileType = audio.wav; path = E.wav; sourceTree = "<group>"; };
		FFBE4386288FB75A00B417DF /* D.wav */ = {isa = PBXFileReference; lastKnownFileType = audio.wav; path = D.wav; sourceTree = "<group>"; };
/* End PBXFileReference section */

/* Begin PBXFrameworksBuildPhase section */
		FFBE4363288FAACF00B417DF /* Frameworks */ = {
			isa = PBXFrameworksBuildPhase;
			buildActionMask = 2147483647;
			files = (
			);
			runOnlyForDeploymentPostprocessing = 0;
		};
/* End PBXFrameworksBuildPhase section */

/* Begin PBXGroup section */
		FFBE435D288FAACF00B417DF = {
			isa = PBXGroup;
			children = (
				FFBE4368288FAACF00B417DF /* MusicApp */,
				FFBE4367288FAACF00B417DF /* Products */,
			);
			sourceTree = "<group>";
		};
		FFBE4367288FAACF00B417DF /* Products */ = {
			isa = PBXGroup;
			children = (
				FFBE4366288FAACF00B417DF /* MusicApp.app */,
			);
			name = Products;
			sourceTree = "<group>";
		};
		FFBE4368288FAACF00B417DF /* MusicApp */ = {
			isa = PBXGroup;
			children = (
				FFBE4369288FAACF00B417DF /* AppDelegate.swift */,
				FFBE436B288FAACF00B417DF /* SceneDelegate.swift */,
				FFBE436D288FAACF00B417DF /* ViewController.swift */,
				FFBE437F288FB75A00B417DF /* Sounds */,
				FFBE436F288FAACF00B417DF /* Main.storyboard */,
				FFBE4372288FAACF00B417DF /* Assets.xcassets */,
				FFBE4374288FAACF00B417DF /* LaunchScreen.storyboard */,
				FFBE4377288FAACF00B417DF /* Info.plist */,
			);
			path = MusicApp;
			sourceTree = "<group>";
		};
		FFBE437F288FB75A00B417DF /* Sounds */ = {
			isa = PBXGroup;
			children = (
				FFBE4380288FB75A00B417DF /* A.wav */,
				FFBE4381288FB75A00B417DF /* C.wav */,
				FFBE4382288FB75A00B417DF /* B.wav */,
				FFBE4383288FB75A00B417DF /* F.wav */,
				FFBE4384288FB75A00B417DF /* G.wav */,
				FFBE4385288FB75A00B417DF /* E.wav */,
				FFBE4386288FB75A00B417DF /* D.wav */,
			);
			path = Sounds;
			sourceTree = "<group>";
		};
/* End PBXGroup section */

/* Begin PBXNativeTarget section */
		FFBE4365288FAACF00B417DF /* MusicApp */ = {
			isa = PBXNativeTarget;
			buildConfigurationList = FFBE437A288FAACF00B417DF /* Build configuration list for PBXNativeTarget "MusicApp" */;
			buildPhases = (
				FFBE4362288FAACF00B417DF /* Sources */,
				FFBE4363288FAACF00B417DF /* Frameworks */,
				FFBE4364288FAACF00B417DF /* Resources */,
			);
			buildRules = (
			);
			dependencies = (
			);
			name = MusicApp;
			productName = MusicApp;
			productReference = FFBE4366288FAACF00B417DF /* MusicApp.app */;
			productType = "com.apple.product-type.application";
		};
/* End PBXNativeTarget section */

/* Begin PBXProject section */
		FFBE435E288FAACF00B417DF /* Project object */ = {
			isa = PBXProject;
			attributes = {
				BuildIndependentTargetsInParallel = 1;
				LastSwiftUpdateCheck = 1340;
				LastUpgradeCheck = 1340;
				TargetAttributes = {
					FFBE4365288FAACF00B417DF = {
						CreatedOnToolsVersion = 13.4.1;
					};
				};
			};
			buildConfigurationList = FFBE4361288FAACF00B417DF /* Build configuration list for PBXProject "MusicApp" */;
			compatibilityVersion = "Xcode 13.0";
			developmentRegion = en;
			hasScannedForEncodings = 0;
			knownRegions = (
				en,
				Base,
			);
			mainGroup = FFBE435D288FAACF00B417DF;
			productRefGroup = FFBE4367288FAACF00B417DF /* Products */;
			projectDirPath = "";
			projectRoot = "";
			targets = (
				FFBE4365288FAACF00B417DF /* MusicApp */,
			);
		};
/* End PBXProject section */

/* Begin PBXResourcesBuildPhase section */
		FFBE4364288FAACF00B417DF /* Resources */ = {
			isa = PBXResourcesBuildPhase;
			buildActionMask = 2147483647;
			files = (
				FFBE438B288FB75A00B417DF /* G.wav in Resources */,
				FFBE4376288FAACF00B417DF /* LaunchScreen.storyboard in Resources */,
				FFBE438A288FB75A00B417DF /* F.wav in Resources */,
				FFBE4373288FAACF00B417DF /* Assets.xcassets in Resources */,
				FFBE4387288FB75A00B417DF /* A.wav in Resources */,
				FFBE4389288FB75A00B417DF /* B.wav in Resources */,
				FFBE438C288FB75A00B417DF /* E.wav in Resources */,
				FFBE438D288FB75A00B417DF /* D.wav in Resources */,
				FFBE4371288FAACF00B417DF /* Main.storyboard in Resources */,
				FFBE4388288FB75A00B417DF /* C.wav in Resources */,
			);
			runOnlyForDeploymentPostprocessing = 0;
		};
/* End PBXResourcesBuildPhase section */

/* Begin PBXSourcesBuildPhase section */
		FFBE4362288FAACF00B417DF /* Sources */ = {
			isa = PBXSourcesBuildPhase;
			buildActionMask = 2147483647;
			files = (
				FFBE436E288FAACF00B417DF /* ViewController.swift in Sources */,
				FFBE436A288FAACF00B417DF /* AppDelegate.swift in Sources */,
				FFBE436C288FAACF00B417DF /* SceneDelegate.swift in Sources */,
			);
			runOnlyForDeploymentPostprocessing = 0;
		};
/* End PBXSourcesBuildPhase section */

/* Begin PBXVariantGroup section */
		FFBE436F288FAACF00B417DF /* Main.storyboard */ = {
			isa = PBXVariantGroup;
			children = (
				FFBE4370288FAACF00B417DF /* Base */,
			);
			name = Main.storyboard;
			sourceTree = "<group>";
		};
		FFBE4374288FAACF00B417DF /* LaunchScreen.storyboard */ = {
			isa = PBXVariantGroup;
			children = (
				FFBE4375288FAACF00B417DF /* Base */,
			);
			name = LaunchScreen.storyboard;
			sourceTree = "<group>";
		};
/* End PBXVariantGroup section */

/* Begin XCBuildConfiguration section */
		FFBE4378288FAACF00B417DF /* Debug */ = {
			isa = XCBuildConfiguration;
			buildSettings = {
				ALWAYS_SEARCH_USER_PATHS = NO;
				CLANG_ANALYZER_NONNULL = YES;
				CLANG_ANALYZER_NUMBER_OBJECT_CONVERSION = YES_AGGRESSIVE;
				CLANG_CXX_LANGUAGE_STANDARD = "gnu++17";
				CLANG_ENABLE_MODULES = YES;
				CLANG_ENABLE_OBJC_ARC = YES;
				CLANG_ENABLE_OBJC_WEAK = YES;
				CLANG_WARN_BLOCK_CAPTURE_AUTORELEASING = YES;
				CLANG_WARN_BOOL_CONVERSION = YES;
				CLANG_WARN_COMMA = YES;
				CLANG_WARN_CONSTANT_CONVERSION = YES;
				CLANG_WARN_DEPRECATED_OBJC_IMPLEMENTATIONS = YES;
				CLANG_WARN_DIRECT_OBJC_ISA_USAGE = YES_ERROR;
				CLANG_WARN_DOCUMENTATION_COMMENTS = YES;
				CLANG_WARN_EMPTY_BODY = YES;
				CLANG_WARN_ENUM_CONVERSION = YES;
				CLANG_WARN_INFINITE_RECURSION = YES;
				CLANG_WARN_INT_CONVERSION = YES;
				CLANG_WARN_NON_LITERAL_NULL_CONVERSION = YES;
				CLANG_WARN_OBJC_IMPLICIT_RETAIN_SELF = YES;
				CLANG_WARN_OBJC_LITERAL_CONVERSION = YES;
				CLANG_WARN_OBJC_ROOT_CLASS = YES_ERROR;
				CLANG_WARN_QUOTED_INCLUDE_IN_FRAMEWORK_HEADER = YES;
				CLANG_WARN_RANGE_LOOP_ANALYSIS = YES;
				CLANG_WARN_STRICT_PROTOTYPES = YES;
				CLANG_WARN_SUSPICIOUS_MOVE = YES;
				CLANG_WARN_UNGUARDED_AVAILABILITY = YES_AGGRESSIVE;
				CLANG_WARN_UNREACHABLE_CODE = YES;
				CLANG_WARN__DUPLICATE_METHOD_MATCH = YES;
				COPY_PHASE_STRIP = NO;
				DEBUG_INFORMATION_FORMAT = dwarf;
				ENABLE_STRICT_OBJC_MSGSEND = YES;
				ENABLE_TESTABILITY = YES;
				GCC_C_LANGUAGE_STANDARD = gnu11;
				GCC_DYNAMIC_NO_PIC = NO;
				GCC_NO_COMMON_BLOCKS = YES;
				GCC_OPTIMIZATION_LEVEL = 0;
				GCC_PREPROCESSOR_DEFINITIONS = (
					"DEBUG=1",
					"$(inherited)",
				);
				GCC_WARN_64_TO_32_BIT_CONVERSION = YES;
				GCC_WARN_ABOUT_RETURN_TYPE = YES_ERROR;
				GCC_WARN_UNDECLARED_SELECTOR = YES;
				GCC_WARN_UNINITIALIZED_AUTOS = YES_AGGRESSIVE;
				GCC_WARN_UNUSED_FUNCTION = YES;
				GCC_WARN_UNUSED_VARIABLE = YES;
				IPHONEOS_DEPLOYMENT_TARGET = 15.5;
				MTL_ENABLE_DEBUG_INFO = INCLUDE_SOURCE;
				MTL_FAST_MATH = YES;
				ONLY_ACTIVE_ARCH = YES;
				SDKROOT = iphoneos;
				SWIFT_ACTIVE_COMPILATION_CONDITIONS = DEBUG;
				SWIFT_OPTIMIZATION_LEVEL = "-Onone";
			};
			name = Debug;
		};
		FFBE4379288FAACF00B417DF /* Release */ = {
			isa = XCBuildConfiguration;
			buildSettings = {
				ALWAYS_SEARCH_USER_PATHS = NO;
				CLANG_ANALYZER_NONNULL = YES;
				CLANG_ANALYZER_NUMBER_OBJECT_CONVERSION = YES_AGGRESSIVE;
				CLANG_CXX_LANGUAGE_STANDARD = "gnu++17";
				CLANG_ENABLE_MODULES = YES;
				CLANG_ENABLE_OBJC_ARC = YES;
				CLANG_ENABLE_OBJC_WEAK = YES;
				CLANG_WARN_BLOCK_CAPTURE_AUTORELEASING = YES;
				CLANG_WARN_BOOL_CONVERSION = YES;
				CLANG_WARN_COMMA = YES;
				CLANG_WARN_CONSTANT_CONVERSION = YES;
				CLANG_WARN_DEPRECATED_OBJC_IMPLEMENTATIONS = YES;
				CLANG_WARN_DIRECT_OBJC_ISA_USAGE = YES_ERROR;
				CLANG_WARN_DOCUMENTATION_COMMENTS = YES;
				CLANG_WARN_EMPTY_BODY = YES;
				CLANG_WARN_ENUM_CONVERSION = YES;
				CLANG_WARN_INFINITE_RECURSION = YES;
				CLANG_WARN_INT_CONVERSION = YES;
				CLANG_WARN_NON_LITERAL_NULL_CONVERSION = YES;
				CLANG_WARN_OBJC_IMPLICIT_RETAIN_SELF = YES;
				CLANG_WARN_OBJC_LITERAL_CONVERSION = YES;
				CLANG_WARN_OBJC_ROOT_CLASS = YES_ERROR;
				CLANG_WARN_QUOTED_INCLUDE_IN_FRAMEWORK_HEADER = YES;
				CLANG_WARN_RANGE_LOOP_ANALYSIS = YES;
				CLANG_WARN_STRICT_PROTOTYPES = YES;
				CLANG_WARN_SUSPICIOUS_MOVE = YES;
				CLANG_WARN_UNGUARDED_AVAILABILITY = YES_AGGRESSIVE;
				CLANG_WARN_UNREACHABLE_CODE = YES;
				CLANG_WARN__DUPLICATE_METHOD_MATCH = YES;
				COPY_PHASE_STRIP = NO;
				DEBUG_INFORMATION_FORMAT = "dwarf-with-dsym";
				ENABLE_NS_ASSERTIONS = NO;
				ENABLE_STRICT_OBJC_MSGSEND = YES;
				GCC_C_LANGUAGE_STANDARD = gnu11;
				GCC_NO_COMMON_BLOCKS = YES;
				GCC_WARN_64_TO_32_BIT_CONVERSION = YES;
				GCC_WARN_ABOUT_RETURN_TYPE = YES_ERROR;
				GCC_WARN_UNDECLARED_SELECTOR = YES;
				GCC_WARN_UNINITIALIZED_AUTOS = YES_AGGRESSIVE;
				GCC_WARN_UNUSED_FUNCTION = YES;
				GCC_WARN_UNUSED_VARIABLE = YES;
				IPHONEOS_DEPLOYMENT_TARGET = 15.5;
				MTL_ENABLE_DEBUG_INFO = NO;
				MTL_FAST_MATH = YES;
				SDKROOT = iphoneos;
				SWIFT_COMPILATION_MODE = wholemodule;
				SWIFT_OPTIMIZATION_LEVEL = "-O";
				VALIDATE_PRODUCT = YES;
			};
			name = Release;
		};
		FFBE437B288FAACF00B417DF /* Debug */ = {
			isa = XCBuildConfiguration;
			buildSettings = {
				ASSETCATALOG_COMPILER_APPICON_NAME = AppIcon;
				ASSETCATALOG_COMPILER_GLOBAL_ACCENT_COLOR_NAME = AccentColor;
				CODE_SIGN_STYLE = Automatic;
				CURRENT_PROJECT_VERSION = 1;
				GENERATE_INFOPLIST_FILE = YES;
				INFOPLIST_FILE = MusicApp/Info.plist;
				INFOPLIST_KEY_UIApplicationSupportsIndirectInputEvents = YES;
				INFOPLIST_KEY_UILaunchStoryboardName = LaunchScreen;
				INFOPLIST_KEY_UIMainStoryboardFile = Main;
				INFOPLIST_KEY_UISupportedInterfaceOrientations_iPad = "UIInterfaceOrientationPortrait UIInterfaceOrientationPortraitUpsideDown UIInterfaceOrientationLandscapeLeft UIInterfaceOrientationLandscapeRight";
				INFOPLIST_KEY_UISupportedInterfaceOrientations_iPhone = "UIInterfaceOrientationPortrait UIInterfaceOrientationLandscapeLeft UIInterfaceOrientationLandscapeRight";
				LD_RUNPATH_SEARCH_PATHS = (
					"$(inherited)",
					"@executable_path/Frameworks",
				);
				MARKETING_VERSION = 1.0;
				PRODUCT_BUNDLE_IDENTIFIER = com.training.MusicApp;
				PRODUCT_NAME = "$(TARGET_NAME)";
				SWIFT_EMIT_LOC_STRINGS = YES;
				SWIFT_VERSION = 5.0;
				TARGETED_DEVICE_FAMILY = "1,2";
			};
			name = Debug;
		};
		FFBE437C288FAACF00B417DF /* Release */ = {
			isa = XCBuildConfiguration;
			buildSettings = {
				ASSETCATALOG_COMPILER_APPICON_NAME = AppIcon;
				ASSETCATALOG_COMPILER_GLOBAL_ACCENT_COLOR_NAME = AccentColor;
				CODE_SIGN_STYLE = Automatic;
				CURRENT_PROJECT_VERSION = 1;
				GENERATE_INFOPLIST_FILE = YES;
				INFOPLIST_FILE = MusicApp/Info.plist;
				INFOPLIST_KEY_UIApplicationSupportsIndirectInputEvents = YES;
				INFOPLIST_KEY_UILaunchStoryboardName = LaunchScreen;
				INFOPLIST_KEY_UIMainStoryboardFile = Main;
				INFOPLIST_KEY_UISupportedInterfaceOrientations_iPad = "UIInterfaceOrientationPortrait UIInterfaceOrientationPortraitUpsideDown UIInterfaceOrientationLandscapeLeft UIInterfaceOrientationLandscapeRight";
				INFOPLIST_KEY_UISupportedInterfaceOrientations_iPhone = "UIInterfaceOrientationPortrait UIInterfaceOrientationLandscapeLeft UIInterfaceOrientationLandscapeRight";
				LD_RUNPATH_SEARCH_PATHS = (
					"$(inherited)",
					"@executable_path/Frameworks",
				);
				MARKETING_VERSION = 1.0;
				PRODUCT_BUNDLE_IDENTIFIER = com.training.MusicApp;
				PRODUCT_NAME = "$(TARGET_NAME)";
				SWIFT_EMIT_LOC_STRINGS = YES;
				SWIFT_VERSION = 5.0;
				TARGETED_DEVICE_FAMILY = "1,2";
			};
			name = Release;
		};
/* End XCBuildConfiguration section */

/* Begin XCConfigurationList section */
		FFBE4361288FAACF00B417DF /* Build configuration list for PBXProject "MusicApp" */ = {
			isa = XCConfigurationList;
			buildConfigurations = (
				FFBE4378288FAACF00B417DF /* Debug */,
				FFBE4379288FAACF00B417DF /* Release */,
			);
			defaultConfigurationIsVisible = 0;
			defaultConfigurationName = Release;
		};
		FFBE437A288FAACF00B417DF /* Build configuration list for PBXNativeTarget "MusicApp" */ = {
			isa = XCConfigurationList;
			buildConfigurations = (
				FFBE437B288FAACF00B417DF /* Debug */,
				FFBE437C288FAACF00B417DF /* Release */,
			);
			defaultConfigurationIsVisible = 0;
			defaultConfigurationName = Release;
		};
/* End XCConfigurationList section */
	};
	rootObject = FFBE435E288FAACF00B417DF /* Project object */;
}
